// !$*UTF8*$!
{
	archiveVersion = 1;
	classes = {
	};
	objectVersion = 46;
	objects = {

/* Begin PBXBuildFile section */
		2D15BDB21B20C2EF0018F775 /* myEventsViewController.swift in Sources */ = {isa = PBXBuildFile; fileRef = 2D15BDB11B20C2EF0018F775 /* myEventsViewController.swift */; };
		2D3EF1E41B1E41870044F391 /* MapKit.framework in Frameworks */ = {isa = PBXBuildFile; fileRef = 2D3EF1E31B1E41860044F391 /* MapKit.framework */; };
		2D5526AF1B20D3F1001C863F /* savedEventViewController.swift in Sources */ = {isa = PBXBuildFile; fileRef = 2D5526AE1B20D3F1001C863F /* savedEventViewController.swift */; };
		2D604C751B2292B2001BFA06 /* userSettingsManager.swift in Sources */ = {isa = PBXBuildFile; fileRef = 2D604C741B2292B2001BFA06 /* userSettingsManager.swift */; };
		2D723DC01B1BF28600A2F782 /* AppDelegate.swift in Sources */ = {isa = PBXBuildFile; fileRef = 2D723DBF1B1BF28600A2F782 /* AppDelegate.swift */; };
		2D723DC21B1BF28600A2F782 /* ViewController.swift in Sources */ = {isa = PBXBuildFile; fileRef = 2D723DC11B1BF28600A2F782 /* ViewController.swift */; };
		2D723DC51B1BF28600A2F782 /* Main.storyboard in Resources */ = {isa = PBXBuildFile; fileRef = 2D723DC31B1BF28600A2F782 /* Main.storyboard */; };
		2D723DC71B1BF28600A2F782 /* Images.xcassets in Resources */ = {isa = PBXBuildFile; fileRef = 2D723DC61B1BF28600A2F782 /* Images.xcassets */; };
		2D723DCA1B1BF28600A2F782 /* LaunchScreen.xib in Resources */ = {isa = PBXBuildFile; fileRef = 2D723DC81B1BF28600A2F782 /* LaunchScreen.xib */; };
		2D723DD61B1BF28700A2F782 /* CIF_BarebonesTests.swift in Sources */ = {isa = PBXBuildFile; fileRef = 2D723DD51B1BF28700A2F782 /* CIF_BarebonesTests.swift */; };
		2D723DE01B1BFF0F00A2F782 /* eventTableViewCell.swift in Sources */ = {isa = PBXBuildFile; fileRef = 2D723DDF1B1BFF0F00A2F782 /* eventTableViewCell.swift */; };
		2D723DE21B1C019600A2F782 /* eventClass.swift in Sources */ = {isa = PBXBuildFile; fileRef = 2D723DE11B1C019600A2F782 /* eventClass.swift */; };
		2D723DE41B1C04D000A2F782 /* eventViewController.swift in Sources */ = {isa = PBXBuildFile; fileRef = 2D723DE31B1C04D000A2F782 /* eventViewController.swift */; };
		2D723DE61B1C05C200A2F782 /* exploreViewController.swift in Sources */ = {isa = PBXBuildFile; fileRef = 2D723DE51B1C05C200A2F782 /* exploreViewController.swift */; };
		2D7AF7AF1B1D417600C2B62F /* Parse.framework in Frameworks */ = {isa = PBXBuildFile; fileRef = 2D7AF7AE1B1D417600C2B62F /* Parse.framework */; };
		2D7AF7B31B1D41AA00C2B62F /* AudioToolbox.framework in Frameworks */ = {isa = PBXBuildFile; fileRef = 2D7AF7B21B1D41AA00C2B62F /* AudioToolbox.framework */; };
		2D7AF7B51B1D41B000C2B62F /* CFNetwork.framework in Frameworks */ = {isa = PBXBuildFile; fileRef = 2D7AF7B41B1D41B000C2B62F /* CFNetwork.framework */; };
		2D7AF7B71B1D41B600C2B62F /* CoreGraphics.framework in Frameworks */ = {isa = PBXBuildFile; fileRef = 2D7AF7B61B1D41B600C2B62F /* CoreGraphics.framework */; };
		2D7AF7B91B1D41BD00C2B62F /* CoreLocation.framework in Frameworks */ = {isa = PBXBuildFile; fileRef = 2D7AF7B81B1D41BD00C2B62F /* CoreLocation.framework */; };
		2D7AF7BB1B1D41C400C2B62F /* MobileCoreServices.framework in Frameworks */ = {isa = PBXBuildFile; fileRef = 2D7AF7BA1B1D41C300C2B62F /* MobileCoreServices.framework */; };
		2D7AF7BD1B1D41C900C2B62F /* QuartzCore.framework in Frameworks */ = {isa = PBXBuildFile; fileRef = 2D7AF7BC1B1D41C900C2B62F /* QuartzCore.framework */; };
		2D7AF7BF1B1D41D000C2B62F /* Security.framework in Frameworks */ = {isa = PBXBuildFile; fileRef = 2D7AF7BE1B1D41D000C2B62F /* Security.framework */; };
		2D7AF7C31B1D41E500C2B62F /* SystemConfiguration.framework in Frameworks */ = {isa = PBXBuildFile; fileRef = 2D7AF7C21B1D41E500C2B62F /* SystemConfiguration.framework */; };
		2D7AF7C51B1D41F200C2B62F /* libz.dylib in Frameworks */ = {isa = PBXBuildFile; fileRef = 2D7AF7C41B1D41F200C2B62F /* libz.dylib */; };
		2D7AF7C71B1D41FC00C2B62F /* libsqlite3.dylib in Frameworks */ = {isa = PBXBuildFile; fileRef = 2D7AF7C61B1D41FC00C2B62F /* libsqlite3.dylib */; };
		2D7AF7CA1B1D42E200C2B62F /* Bolts.framework in Frameworks */ = {isa = PBXBuildFile; fileRef = 2D7AF7C91B1D42E200C2B62F /* Bolts.framework */; };
		2D7E020E1B1FFC14006F053F /* myAccountViewController.swift in Sources */ = {isa = PBXBuildFile; fileRef = 2D7E020D1B1FFC14006F053F /* myAccountViewController.swift */; };
		2D8D09FA1B1FF3280051832E /* hoursView.swift in Sources */ = {isa = PBXBuildFile; fileRef = 2D8D09F91B1FF3280051832E /* hoursView.swift */; };
		2DE543921B23627E00007942 /* welcomeViewController.swift in Sources */ = {isa = PBXBuildFile; fileRef = 2DE543911B23627E00007942 /* welcomeViewController.swift */; };
		2DE543941B2365CF00007942 /* introLocationSettingsViewController.swift in Sources */ = {isa = PBXBuildFile; fileRef = 2DE543931B2365CF00007942 /* introLocationSettingsViewController.swift */; };
		2DE543961B23719F00007942 /* introHoursViewController.swift in Sources */ = {isa = PBXBuildFile; fileRef = 2DE543951B23719F00007942 /* introHoursViewController.swift */; };
		2DE543981B23756C00007942 /* introGetStartedViewController.swift in Sources */ = {isa = PBXBuildFile; fileRef = 2DE543971B23756C00007942 /* introGetStartedViewController.swift */; };
		2DE6F9581B213C700008D603 /* pageContentViewController.swift in Sources */ = {isa = PBXBuildFile; fileRef = 2DE6F9571B213C700008D603 /* pageContentViewController.swift */; };
/* End PBXBuildFile section */

/* Begin PBXContainerItemProxy section */
		2D723DD01B1BF28600A2F782 /* PBXContainerItemProxy */ = {
			isa = PBXContainerItemProxy;
			containerPortal = 2D723DB21B1BF28600A2F782 /* Project object */;
			proxyType = 1;
			remoteGlobalIDString = 2D723DB91B1BF28600A2F782;
			remoteInfo = "CIF Barebones";
		};
/* End PBXContainerItemProxy section */

/* Begin PBXFileReference section */
		2D15BDB11B20C2EF0018F775 /* myEventsViewController.swift */ = {isa = PBXFileReference; fileEncoding = 4; lastKnownFileType = sourcecode.swift; path = myEventsViewController.swift; sourceTree = "<group>"; };
		2D3EF1E31B1E41860044F391 /* MapKit.framework */ = {isa = PBXFileReference; lastKnownFileType = wrapper.framework; name = MapKit.framework; path = System/Library/Frameworks/MapKit.framework; sourceTree = SDKROOT; };
		2D5526AE1B20D3F1001C863F /* savedEventViewController.swift */ = {isa = PBXFileReference; fileEncoding = 4; lastKnownFileType = sourcecode.swift; path = savedEventViewController.swift; sourceTree = "<group>"; };
		2D604C741B2292B2001BFA06 /* userSettingsManager.swift */ = {isa = PBXFileReference; fileEncoding = 4; lastKnownFileType = sourcecode.swift; path = userSettingsManager.swift; sourceTree = "<group>"; };
		2D723DBA1B1BF28600A2F782 /* CIF Barebones.app */ = {isa = PBXFileReference; explicitFileType = wrapper.application; includeInIndex = 0; path = "CIF Barebones.app"; sourceTree = BUILT_PRODUCTS_DIR; };
		2D723DBE1B1BF28600A2F782 /* Info.plist */ = {isa = PBXFileReference; lastKnownFileType = text.plist.xml; path = Info.plist; sourceTree = "<group>"; };
		2D723DBF1B1BF28600A2F782 /* AppDelegate.swift */ = {isa = PBXFileReference; lastKnownFileType = sourcecode.swift; path = AppDelegate.swift; sourceTree = "<group>"; };
		2D723DC11B1BF28600A2F782 /* ViewController.swift */ = {isa = PBXFileReference; lastKnownFileType = sourcecode.swift; path = ViewController.swift; sourceTree = "<group>"; };
		2D723DC41B1BF28600A2F782 /* Base */ = {isa = PBXFileReference; lastKnownFileType = file.storyboard; name = Base; path = Base.lproj/Main.storyboard; sourceTree = "<group>"; };
		2D723DC61B1BF28600A2F782 /* Images.xcassets */ = {isa = PBXFileReference; lastKnownFileType = folder.assetcatalog; path = Images.xcassets; sourceTree = "<group>"; };
		2D723DC91B1BF28600A2F782 /* Base */ = {isa = PBXFileReference; lastKnownFileType = file.xib; name = Base; path = Base.lproj/LaunchScreen.xib; sourceTree = "<group>"; };
		2D723DCF1B1BF28600A2F782 /* CIF BarebonesTests.xctest */ = {isa = PBXFileReference; explicitFileType = wrapper.cfbundle; includeInIndex = 0; path = "CIF BarebonesTests.xctest"; sourceTree = BUILT_PRODUCTS_DIR; };
		2D723DD41B1BF28700A2F782 /* Info.plist */ = {isa = PBXFileReference; lastKnownFileType = text.plist.xml; path = Info.plist; sourceTree = "<group>"; };
		2D723DD51B1BF28700A2F782 /* CIF_BarebonesTests.swift */ = {isa = PBXFileReference; lastKnownFileType = sourcecode.swift; path = CIF_BarebonesTests.swift; sourceTree = "<group>"; };
		2D723DDF1B1BFF0F00A2F782 /* eventTableViewCell.swift */ = {isa = PBXFileReference; fileEncoding = 4; lastKnownFileType = sourcecode.swift; path = eventTableViewCell.swift; sourceTree = "<group>"; };
		2D723DE11B1C019600A2F782 /* eventClass.swift */ = {isa = PBXFileReference; fileEncoding = 4; lastKnownFileType = sourcecode.swift; path = eventClass.swift; sourceTree = "<group>"; };
		2D723DE31B1C04D000A2F782 /* eventViewController.swift */ = {isa = PBXFileReference; fileEncoding = 4; lastKnownFileType = sourcecode.swift; path = eventViewController.swift; sourceTree = "<group>"; };
		2D723DE51B1C05C200A2F782 /* exploreViewController.swift */ = {isa = PBXFileReference; fileEncoding = 4; lastKnownFileType = sourcecode.swift; path = exploreViewController.swift; sourceTree = "<group>"; };
		2D7AF7AE1B1D417600C2B62F /* Parse.framework */ = {isa = PBXFileReference; lastKnownFileType = wrapper.framework; path = Parse.framework; sourceTree = "<group>"; };
		2D7AF7B21B1D41AA00C2B62F /* AudioToolbox.framework */ = {isa = PBXFileReference; lastKnownFileType = wrapper.framework; name = AudioToolbox.framework; path = System/Library/Frameworks/AudioToolbox.framework; sourceTree = SDKROOT; };
		2D7AF7B41B1D41B000C2B62F /* CFNetwork.framework */ = {isa = PBXFileReference; lastKnownFileType = wrapper.framework; name = CFNetwork.framework; path = System/Library/Frameworks/CFNetwork.framework; sourceTree = SDKROOT; };
		2D7AF7B61B1D41B600C2B62F /* CoreGraphics.framework */ = {isa = PBXFileReference; lastKnownFileType = wrapper.framework; name = CoreGraphics.framework; path = System/Library/Frameworks/CoreGraphics.framework; sourceTree = SDKROOT; };
		2D7AF7B81B1D41BD00C2B62F /* CoreLocation.framework */ = {isa = PBXFileReference; lastKnownFileType = wrapper.framework; name = CoreLocation.framework; path = System/Library/Frameworks/CoreLocation.framework; sourceTree = SDKROOT; };
		2D7AF7BA1B1D41C300C2B62F /* MobileCoreServices.framework */ = {isa = PBXFileReference; lastKnownFileType = wrapper.framework; name = MobileCoreServices.framework; path = System/Library/Frameworks/MobileCoreServices.framework; sourceTree = SDKROOT; };
		2D7AF7BC1B1D41C900C2B62F /* QuartzCore.framework */ = {isa = PBXFileReference; lastKnownFileType = wrapper.framework; name = QuartzCore.framework; path = System/Library/Frameworks/QuartzCore.framework; sourceTree = SDKROOT; };
		2D7AF7BE1B1D41D000C2B62F /* Security.framework */ = {isa = PBXFileReference; lastKnownFileType = wrapper.framework; name = Security.framework; path = System/Library/Frameworks/Security.framework; sourceTree = SDKROOT; };
		2D7AF7C21B1D41E500C2B62F /* SystemConfiguration.framework */ = {isa = PBXFileReference; lastKnownFileType = wrapper.framework; name = SystemConfiguration.framework; path = System/Library/Frameworks/SystemConfiguration.framework; sourceTree = SDKROOT; };
		2D7AF7C41B1D41F200C2B62F /* libz.dylib */ = {isa = PBXFileReference; lastKnownFileType = "compiled.mach-o.dylib"; name = libz.dylib; path = usr/lib/libz.dylib; sourceTree = SDKROOT; };
		2D7AF7C61B1D41FC00C2B62F /* libsqlite3.dylib */ = {isa = PBXFileReference; lastKnownFileType = "compiled.mach-o.dylib"; name = libsqlite3.dylib; path = usr/lib/libsqlite3.dylib; sourceTree = SDKROOT; };
		2D7AF7C91B1D42E200C2B62F /* Bolts.framework */ = {isa = PBXFileReference; lastKnownFileType = wrapper.framework; path = Bolts.framework; sourceTree = "<group>"; };
		2D7E020D1B1FFC14006F053F /* myAccountViewController.swift */ = {isa = PBXFileReference; fileEncoding = 4; lastKnownFileType = sourcecode.swift; path = myAccountViewController.swift; sourceTree = "<group>"; };
		2D8D09F91B1FF3280051832E /* hoursView.swift */ = {isa = PBXFileReference; fileEncoding = 4; lastKnownFileType = sourcecode.swift; path = hoursView.swift; sourceTree = "<group>"; };
		2DE543911B23627E00007942 /* welcomeViewController.swift */ = {isa = PBXFileReference; fileEncoding = 4; lastKnownFileType = sourcecode.swift; path = welcomeViewController.swift; sourceTree = "<group>"; };
		2DE543931B2365CF00007942 /* introLocationSettingsViewController.swift */ = {isa = PBXFileReference; fileEncoding = 4; lastKnownFileType = sourcecode.swift; path = introLocationSettingsViewController.swift; sourceTree = "<group>"; };
		2DE543951B23719F00007942 /* introHoursViewController.swift */ = {isa = PBXFileReference; fileEncoding = 4; lastKnownFileType = sourcecode.swift; path = introHoursViewController.swift; sourceTree = "<group>"; };
		2DE543971B23756C00007942 /* introGetStartedViewController.swift */ = {isa = PBXFileReference; fileEncoding = 4; lastKnownFileType = sourcecode.swift; path = introGetStartedViewController.swift; sourceTree = "<group>"; };
		2DE6F9571B213C700008D603 /* pageContentViewController.swift */ = {isa = PBXFileReference; fileEncoding = 4; lastKnownFileType = sourcecode.swift; path = pageContentViewController.swift; sourceTree = "<group>"; };
/* End PBXFileReference section */

/* Begin PBXFrameworksBuildPhase section */
		2D723DB71B1BF28600A2F782 /* Frameworks */ = {
			isa = PBXFrameworksBuildPhase;
			buildActionMask = 2147483647;
			files = (
				2D7AF7C71B1D41FC00C2B62F /* libsqlite3.dylib in Frameworks */,
				2D7AF7C51B1D41F200C2B62F /* libz.dylib in Frameworks */,
				2D7AF7C31B1D41E500C2B62F /* SystemConfiguration.framework in Frameworks */,
				2D7AF7BF1B1D41D000C2B62F /* Security.framework in Frameworks */,
				2D7AF7BD1B1D41C900C2B62F /* QuartzCore.framework in Frameworks */,
				2D7AF7BB1B1D41C400C2B62F /* MobileCoreServices.framework in Frameworks */,
				2D7AF7CA1B1D42E200C2B62F /* Bolts.framework in Frameworks */,
				2D3EF1E41B1E41870044F391 /* MapKit.framework in Frameworks */,
				2D7AF7B91B1D41BD00C2B62F /* CoreLocation.framework in Frameworks */,
				2D7AF7B71B1D41B600C2B62F /* CoreGraphics.framework in Frameworks */,
				2D7AF7B51B1D41B000C2B62F /* CFNetwork.framework in Frameworks */,
				2D7AF7B31B1D41AA00C2B62F /* AudioToolbox.framework in Frameworks */,
				2D7AF7AF1B1D417600C2B62F /* Parse.framework in Frameworks */,
			);
			runOnlyForDeploymentPostprocessing = 0;
		};
		2D723DCC1B1BF28600A2F782 /* Frameworks */ = {
			isa = PBXFrameworksBuildPhase;
			buildActionMask = 2147483647;
			files = (
			);
			runOnlyForDeploymentPostprocessing = 0;
		};
/* End PBXFrameworksBuildPhase section */

/* Begin PBXGroup section */
		2D723DB11B1BF28600A2F782 = {
			isa = PBXGroup;
			children = (
				2D7AF7C81B1D420100C2B62F /* Frameworks */,
				2D723DBC1B1BF28600A2F782 /* CIF Barebones */,
				2D723DD21B1BF28600A2F782 /* CIF BarebonesTests */,
				2D723DBB1B1BF28600A2F782 /* Products */,
			);
			sourceTree = "<group>";
		};
		2D723DBB1B1BF28600A2F782 /* Products */ = {
			isa = PBXGroup;
			children = (
				2D723DBA1B1BF28600A2F782 /* CIF Barebones.app */,
				2D723DCF1B1BF28600A2F782 /* CIF BarebonesTests.xctest */,
			);
			name = Products;
			sourceTree = "<group>";
		};
		2D723DBC1B1BF28600A2F782 /* CIF Barebones */ = {
			isa = PBXGroup;
			children = (
				2D723DBF1B1BF28600A2F782 /* AppDelegate.swift */,
				2D723DE11B1C019600A2F782 /* eventClass.swift */,
				2D723DC11B1BF28600A2F782 /* ViewController.swift */,
				2DE6F9571B213C700008D603 /* pageContentViewController.swift */,
				2D604C741B2292B2001BFA06 /* userSettingsManager.swift */,
				2D723DC31B1BF28600A2F782 /* Main.storyboard */,
				2DE543991B23757B00007942 /* User Onboarding Flow */,
				2DA58E4E1B20F9D0002F9F48 /* My Account Tab */,
				2DA58E4F1B20FA2E002F9F48 /* Explore Tab */,
				2DA58E501B20FA88002F9F48 /* My Events Tab */,
				2D723DC61B1BF28600A2F782 /* Images.xcassets */,
				2D723DC81B1BF28600A2F782 /* LaunchScreen.xib */,
				2D723DBD1B1BF28600A2F782 /* Supporting Files */,
			);
			path = "CIF Barebones";
			sourceTree = "<group>";
		};
		2D723DBD1B1BF28600A2F782 /* Supporting Files */ = {
			isa = PBXGroup;
			children = (
				2D723DBE1B1BF28600A2F782 /* Info.plist */,
			);
			name = "Supporting Files";
			sourceTree = "<group>";
		};
		2D723DD21B1BF28600A2F782 /* CIF BarebonesTests */ = {
			isa = PBXGroup;
			children = (
				2D723DD51B1BF28700A2F782 /* CIF_BarebonesTests.swift */,
				2D723DD31B1BF28700A2F782 /* Supporting Files */,
			);
			path = "CIF BarebonesTests";
			sourceTree = "<group>";
		};
		2D723DD31B1BF28700A2F782 /* Supporting Files */ = {
			isa = PBXGroup;
			children = (
				2D723DD41B1BF28700A2F782 /* Info.plist */,
			);
			name = "Supporting Files";
			sourceTree = "<group>";
		};
		2D7AF7C81B1D420100C2B62F /* Frameworks */ = {
			isa = PBXGroup;
			children = (
				2D3EF1E31B1E41860044F391 /* MapKit.framework */,
				2D7AF7C91B1D42E200C2B62F /* Bolts.framework */,
				2D7AF7C61B1D41FC00C2B62F /* libsqlite3.dylib */,
				2D7AF7C41B1D41F200C2B62F /* libz.dylib */,
				2D7AF7C21B1D41E500C2B62F /* SystemConfiguration.framework */,
				2D7AF7BE1B1D41D000C2B62F /* Security.framework */,
				2D7AF7BC1B1D41C900C2B62F /* QuartzCore.framework */,
				2D7AF7BA1B1D41C300C2B62F /* MobileCoreServices.framework */,
				2D7AF7B81B1D41BD00C2B62F /* CoreLocation.framework */,
				2D7AF7B61B1D41B600C2B62F /* CoreGraphics.framework */,
				2D7AF7B41B1D41B000C2B62F /* CFNetwork.framework */,
				2D7AF7B21B1D41AA00C2B62F /* AudioToolbox.framework */,
				2D7AF7AE1B1D417600C2B62F /* Parse.framework */,
			);
			name = Frameworks;
			sourceTree = "<group>";
		};
		2DA58E4E1B20F9D0002F9F48 /* My Account Tab */ = {
			isa = PBXGroup;
			children = (
				2D7E020D1B1FFC14006F053F /* myAccountViewController.swift */,
				2D8D09F91B1FF3280051832E /* hoursView.swift */,
			);
			name = "My Account Tab";
			sourceTree = "<group>";
		};
		2DA58E4F1B20FA2E002F9F48 /* Explore Tab */ = {
			isa = PBXGroup;
			children = (
				2D723DE51B1C05C200A2F782 /* exploreViewController.swift */,
				2D723DDF1B1BFF0F00A2F782 /* eventTableViewCell.swift */,
				2D723DE31B1C04D000A2F782 /* eventViewController.swift */,
			);
			name = "Explore Tab";
			sourceTree = "<group>";
		};
		2DA58E501B20FA88002F9F48 /* My Events Tab */ = {
			isa = PBXGroup;
			children = (
				2D5526AE1B20D3F1001C863F /* savedEventViewController.swift */,
				2D15BDB11B20C2EF0018F775 /* myEventsViewController.swift */,
			);
			name = "My Events Tab";
			sourceTree = "<group>";
		};
		2DE543991B23757B00007942 /* User Onboarding Flow */ = {
			isa = PBXGroup;
			children = (
				2DE543911B23627E00007942 /* welcomeViewController.swift */,
				2DE543931B2365CF00007942 /* introLocationSettingsViewController.swift */,
				2DE543951B23719F00007942 /* introHoursViewController.swift */,
				2DE543971B23756C00007942 /* introGetStartedViewController.swift */,
			);
			name = "User Onboarding Flow";
			sourceTree = "<group>";
		};
/* End PBXGroup section */

/* Begin PBXNativeTarget section */
		2D723DB91B1BF28600A2F782 /* CIF Barebones */ = {
			isa = PBXNativeTarget;
			buildConfigurationList = 2D723DD91B1BF28700A2F782 /* Build configuration list for PBXNativeTarget "CIF Barebones" */;
			buildPhases = (
				2D723DB61B1BF28600A2F782 /* Sources */,
				2D723DB71B1BF28600A2F782 /* Frameworks */,
				2D723DB81B1BF28600A2F782 /* Resources */,
			);
			buildRules = (
			);
			dependencies = (
			);
			name = "CIF Barebones";
			productName = "CIF Barebones";
			productReference = 2D723DBA1B1BF28600A2F782 /* CIF Barebones.app */;
			productType = "com.apple.product-type.application";
		};
		2D723DCE1B1BF28600A2F782 /* CIF BarebonesTests */ = {
			isa = PBXNativeTarget;
			buildConfigurationList = 2D723DDC1B1BF28700A2F782 /* Build configuration list for PBXNativeTarget "CIF BarebonesTests" */;
			buildPhases = (
				2D723DCB1B1BF28600A2F782 /* Sources */,
				2D723DCC1B1BF28600A2F782 /* Frameworks */,
				2D723DCD1B1BF28600A2F782 /* Resources */,
			);
			buildRules = (
			);
			dependencies = (
				2D723DD11B1BF28600A2F782 /* PBXTargetDependency */,
			);
			name = "CIF BarebonesTests";
			productName = "CIF BarebonesTests";
			productReference = 2D723DCF1B1BF28600A2F782 /* CIF BarebonesTests.xctest */;
			productType = "com.apple.product-type.bundle.unit-test";
		};
/* End PBXNativeTarget section */

/* Begin PBXProject section */
		2D723DB21B1BF28600A2F782 /* Project object */ = {
			isa = PBXProject;
			attributes = {
				LastUpgradeCheck = 0630;
				ORGANIZATIONNAME = Wybro;
				TargetAttributes = {
					2D723DB91B1BF28600A2F782 = {
						CreatedOnToolsVersion = 6.3.2;
						DevelopmentTeam = M8579RUEVZ;
						SystemCapabilities = {
							com.apple.InAppPurchase = {
								enabled = 0;
							};
							com.apple.Maps.iOS = {
								enabled = 1;
							};
						};
					};
					2D723DCE1B1BF28600A2F782 = {
						CreatedOnToolsVersion = 6.3.2;
						TestTargetID = 2D723DB91B1BF28600A2F782;
					};
				};
			};
			buildConfigurationList = 2D723DB51B1BF28600A2F782 /* Build configuration list for PBXProject "CIF Barebones" */;
			compatibilityVersion = "Xcode 3.2";
			developmentRegion = English;
			hasScannedForEncodings = 0;
			knownRegions = (
				en,
				Base,
			);
			mainGroup = 2D723DB11B1BF28600A2F782;
			productRefGroup = 2D723DBB1B1BF28600A2F782 /* Products */;
			projectDirPath = "";
			projectRoot = "";
			targets = (
				2D723DB91B1BF28600A2F782 /* CIF Barebones */,
				2D723DCE1B1BF28600A2F782 /* CIF BarebonesTests */,
			);
		};
/* End PBXProject section */

/* Begin PBXResourcesBuildPhase section */
		2D723DB81B1BF28600A2F782 /* Resources */ = {
			isa = PBXResourcesBuildPhase;
			buildActionMask = 2147483647;
			files = (
				2D723DC51B1BF28600A2F782 /* Main.storyboard in Resources */,
				2D723DCA1B1BF28600A2F782 /* LaunchScreen.xib in Resources */,
				2D723DC71B1BF28600A2F782 /* Images.xcassets in Resources */,
			);
			runOnlyForDeploymentPostprocessing = 0;
		};
		2D723DCD1B1BF28600A2F782 /* Resources */ = {
			isa = PBXResourcesBuildPhase;
			buildActionMask = 2147483647;
			files = (
			);
			runOnlyForDeploymentPostprocessing = 0;
		};
/* End PBXResourcesBuildPhase section */

/* Begin PBXSourcesBuildPhase section */
		2D723DB61B1BF28600A2F782 /* Sources */ = {
			isa = PBXSourcesBuildPhase;
			buildActionMask = 2147483647;
			files = (
				2DE543981B23756C00007942 /* introGetStartedViewController.swift in Sources */,
				2D723DE01B1BFF0F00A2F782 /* eventTableViewCell.swift in Sources */,
				2DE543941B2365CF00007942 /* introLocationSettingsViewController.swift in Sources */,
				2D723DE41B1C04D000A2F782 /* eventViewController.swift in Sources */,
				2D7E020E1B1FFC14006F053F /* myAccountViewController.swift in Sources */,
				2D723DC21B1BF28600A2F782 /* ViewController.swift in Sources */,
				2D723DC01B1BF28600A2F782 /* AppDelegate.swift in Sources */,
				2D5526AF1B20D3F1001C863F /* savedEventViewController.swift in Sources */,
				2DE543961B23719F00007942 /* introHoursViewController.swift in Sources */,
				2D15BDB21B20C2EF0018F775 /* myEventsViewController.swift in Sources */,
				2D723DE61B1C05C200A2F782 /* exploreViewController.swift in Sources */,
				2DE6F9581B213C700008D603 /* pageContentViewController.swift in Sources */,
				2D8D09FA1B1FF3280051832E /* hoursView.swift in Sources */,
				2D723DE21B1C019600A2F782 /* eventClass.swift in Sources */,
				2D604C751B2292B2001BFA06 /* userSettingsManager.swift in Sources */,
				2DE543921B23627E00007942 /* welcomeViewController.swift in Sources */,
			);
			runOnlyForDeploymentPostprocessing = 0;
		};
		2D723DCB1B1BF28600A2F782 /* Sources */ = {
			isa = PBXSourcesBuildPhase;
			buildActionMask = 2147483647;
			files = (
				2D723DD61B1BF28700A2F782 /* CIF_BarebonesTests.swift in Sources */,
			);
			runOnlyForDeploymentPostprocessing = 0;
		};
/* End PBXSourcesBuildPhase section */

/* Begin PBXTargetDependency section */
		2D723DD11B1BF28600A2F782 /* PBXTargetDependency */ = {
			isa = PBXTargetDependency;
			target = 2D723DB91B1BF28600A2F782 /* CIF Barebones */;
			targetProxy = 2D723DD01B1BF28600A2F782 /* PBXContainerItemProxy */;
		};
/* End PBXTargetDependency section */

/* Begin PBXVariantGroup section */
		2D723DC31B1BF28600A2F782 /* Main.storyboard */ = {
			isa = PBXVariantGroup;
			children = (
				2D723DC41B1BF28600A2F782 /* Base */,
			);
			name = Main.storyboard;
			sourceTree = "<group>";
		};
		2D723DC81B1BF28600A2F782 /* LaunchScreen.xib */ = {
			isa = PBXVariantGroup;
			children = (
				2D723DC91B1BF28600A2F782 /* Base */,
			);
			name = LaunchScreen.xib;
			sourceTree = "<group>";
		};
/* End PBXVariantGroup section */

/* Begin XCBuildConfiguration section */
		2D723DD71B1BF28700A2F782 /* Debug */ = {
			isa = XCBuildConfiguration;
			buildSettings = {
				ALWAYS_SEARCH_USER_PATHS = NO;
				CLANG_CXX_LANGUAGE_STANDARD = "gnu++0x";
				CLANG_CXX_LIBRARY = "libc++";
				CLANG_ENABLE_MODULES = YES;
				CLANG_ENABLE_OBJC_ARC = YES;
				CLANG_WARN_BOOL_CONVERSION = YES;
				CLANG_WARN_CONSTANT_CONVERSION = YES;
				CLANG_WARN_DIRECT_OBJC_ISA_USAGE = YES_ERROR;
				CLANG_WARN_EMPTY_BODY = YES;
				CLANG_WARN_ENUM_CONVERSION = YES;
				CLANG_WARN_INT_CONVERSION = YES;
				CLANG_WARN_OBJC_ROOT_CLASS = YES_ERROR;
				CLANG_WARN_UNREACHABLE_CODE = YES;
				CLANG_WARN__DUPLICATE_METHOD_MATCH = YES;
				"CODE_SIGN_IDENTITY[sdk=iphoneos*]" = "iPhone Developer";
				COPY_PHASE_STRIP = NO;
				DEBUG_INFORMATION_FORMAT = "dwarf-with-dsym";
				ENABLE_STRICT_OBJC_MSGSEND = YES;
				GCC_C_LANGUAGE_STANDARD = gnu99;
				GCC_DYNAMIC_NO_PIC = NO;
				GCC_NO_COMMON_BLOCKS = YES;
				GCC_OPTIMIZATION_LEVEL = 0;
				GCC_PREPROCESSOR_DEFINITIONS = (
					"DEBUG=1",
					"$(inherited)",
				);
				GCC_SYMBOLS_PRIVATE_EXTERN = NO;
				GCC_WARN_64_TO_32_BIT_CONVERSION = YES;
				GCC_WARN_ABOUT_RETURN_TYPE = YES_ERROR;
				GCC_WARN_UNDECLARED_SELECTOR = YES;
				GCC_WARN_UNINITIALIZED_AUTOS = YES_AGGRESSIVE;
				GCC_WARN_UNUSED_FUNCTION = YES;
				GCC_WARN_UNUSED_VARIABLE = YES;
				IPHONEOS_DEPLOYMENT_TARGET = 8.3;
				MTL_ENABLE_DEBUG_INFO = YES;
				ONLY_ACTIVE_ARCH = YES;
				SDKROOT = iphoneos;
				SWIFT_OPTIMIZATION_LEVEL = "-Onone";
			};
			name = Debug;
		};
		2D723DD81B1BF28700A2F782 /* Release */ = {
			isa = XCBuildConfiguration;
			buildSettings = {
				ALWAYS_SEARCH_USER_PATHS = NO;
				CLANG_CXX_LANGUAGE_STANDARD = "gnu++0x";
				CLANG_CXX_LIBRARY = "libc++";
				CLANG_ENABLE_MODULES = YES;
				CLANG_ENABLE_OBJC_ARC = YES;
				CLANG_WARN_BOOL_CONVERSION = YES;
				CLANG_WARN_CONSTANT_CONVERSION = YES;
				CLANG_WARN_DIRECT_OBJC_ISA_USAGE = YES_ERROR;
				CLANG_WARN_EMPTY_BODY = YES;
				CLANG_WARN_ENUM_CONVERSION = YES;
				CLANG_WARN_INT_CONVERSION = YES;
				CLANG_WARN_OBJC_ROOT_CLASS = YES_ERROR;
				CLANG_WARN_UNREACHABLE_CODE = YES;
				CLANG_WARN__DUPLICATE_METHOD_MATCH = YES;
				"CODE_SIGN_IDENTITY[sdk=iphoneos*]" = "iPhone Developer";
				COPY_PHASE_STRIP = NO;
				DEBUG_INFORMATION_FORMAT = "dwarf-with-dsym";
				ENABLE_NS_ASSERTIONS = NO;
				ENABLE_STRICT_OBJC_MSGSEND = YES;
				GCC_C_LANGUAGE_STANDARD = gnu99;
				GCC_NO_COMMON_BLOCKS = YES;
				GCC_WARN_64_TO_32_BIT_CONVERSION = YES;
				GCC_WARN_ABOUT_RETURN_TYPE = YES_ERROR;
				GCC_WARN_UNDECLARED_SELECTOR = YES;
				GCC_WARN_UNINITIALIZED_AUTOS = YES_AGGRESSIVE;
				GCC_WARN_UNUSED_FUNCTION = YES;
				GCC_WARN_UNUSED_VARIABLE = YES;
				IPHONEOS_DEPLOYMENT_TARGET = 8.3;
				MTL_ENABLE_DEBUG_INFO = NO;
				SDKROOT = iphoneos;
				VALIDATE_PRODUCT = YES;
			};
			name = Release;
		};
		2D723DDA1B1BF28700A2F782 /* Debug */ = {
			isa = XCBuildConfiguration;
			buildSettings = {
				ASSETCATALOG_COMPILER_APPICON_NAME = AppIcon;
				CODE_SIGN_IDENTITY = "iPhone Developer";
				"CODE_SIGN_IDENTITY[sdk=iphoneos*]" = "iPhone Developer";
				FRAMEWORK_SEARCH_PATHS = (
					"$(inherited)",
					"$(PROJECT_DIR)",
				);
				INFOPLIST_FILE = "CIF Barebones/Info.plist";
				LD_RUNPATH_SEARCH_PATHS = "$(inherited) @executable_path/Frameworks";
				PRODUCT_NAME = "$(TARGET_NAME)";
				PROVISIONING_PROFILE = "";
			};
			name = Debug;
		};
		2D723DDB1B1BF28700A2F782 /* Release */ = {
			isa = XCBuildConfiguration;
			buildSettings = {
				ASSETCATALOG_COMPILER_APPICON_NAME = AppIcon;
				CODE_SIGN_IDENTITY = "iPhone Developer";
				"CODE_SIGN_IDENTITY[sdk=iphoneos*]" = "iPhone Developer";
				FRAMEWORK_SEARCH_PATHS = (
					"$(inherited)",
					"$(PROJECT_DIR)",
				);
				INFOPLIST_FILE = "CIF Barebones/Info.plist";
				LD_RUNPATH_SEARCH_PATHS = "$(inherited) @executable_path/Frameworks";
				PRODUCT_NAME = "$(TARGET_NAME)";
				PROVISIONING_PROFILE = "";
			};
			name = Release;
		};
		2D723DDD1B1BF28700A2F782 /* Debug */ = {
			isa = XCBuildConfiguration;
			buildSettings = {
				BUNDLE_LOADER = "$(TEST_HOST)";
				FRAMEWORK_SEARCH_PATHS = (
					"$(SDKROOT)/Developer/Library/Frameworks",
					"$(inherited)",
				);
				GCC_PREPROCESSOR_DEFINITIONS = (
					"DEBUG=1",
					"$(inherited)",
				);
				INFOPLIST_FILE = "CIF BarebonesTests/Info.plist";
				LD_RUNPATH_SEARCH_PATHS = "$(inherited) @executable_path/Frameworks @loader_path/Frameworks";
				PRODUCT_NAME = "$(TARGET_NAME)";
				TEST_HOST = "$(BUILT_PRODUCTS_DIR)/CIF Barebones.app/CIF Barebones";
			};
			name = Debug;
		};
		2D723DDE1B1BF28700A2F782 /* Release */ = {
			isa = XCBuildConfiguration;
			buildSettings = {
				BUNDLE_LOADER = "$(TEST_HOST)";
				FRAMEWORK_SEARCH_PATHS = (
					"$(SDKROOT)/Developer/Library/Frameworks",
					"$(inherited)",
				);
				INFOPLIST_FILE = "CIF BarebonesTests/Info.plist";
				LD_RUNPATH_SEARCH_PATHS = "$(inherited) @executable_path/Frameworks @loader_path/Frameworks";
				PRODUCT_NAME = "$(TARGET_NAME)";
				TEST_HOST = "$(BUILT_PRODUCTS_DIR)/CIF Barebones.app/CIF Barebones";
			};
			name = Release;
		};
/* End XCBuildConfiguration section */

/* Begin XCConfigurationList section */
		2D723DB51B1BF28600A2F782 /* Build configuration list for PBXProject "CIF Barebones" */ = {
			isa = XCConfigurationList;
			buildConfigurations = (
				2D723DD71B1BF28700A2F782 /* Debug */,
				2D723DD81B1BF28700A2F782 /* Release */,
			);
			defaultConfigurationIsVisible = 0;
			defaultConfigurationName = Release;
		};
		2D723DD91B1BF28700A2F782 /* Build configuration list for PBXNativeTarget "CIF Barebones" */ = {
			isa = XCConfigurationList;
			buildConfigurations = (
				2D723DDA1B1BF28700A2F782 /* Debug */,
				2D723DDB1B1BF28700A2F782 /* Release */,
			);
			defaultConfigurationIsVisible = 0;
			defaultConfigurationName = Release;
		};
		2D723DDC1B1BF28700A2F782 /* Build configuration list for PBXNativeTarget "CIF BarebonesTests" */ = {
			isa = XCConfigurationList;
			buildConfigurations = (
				2D723DDD1B1BF28700A2F782 /* Debug */,
				2D723DDE1B1BF28700A2F782 /* Release */,
			);
			defaultConfigurationIsVisible = 0;
			defaultConfigurationName = Release;
		};
/* End XCConfigurationList section */
	};
	rootObject = 2D723DB21B1BF28600A2F782 /* Project object */;
}
